
Microsoft Visual Studio Solution File, Format Version 12.00
# Visual Studio Version 16
VisualStudioVersion = 16.0.810.25
MinimumVisualStudioVersion = 10.0.40219.1
Project("{FAE04EC0-301F-11D3-BF4B-00C04F79EFBC}") = "TicketsBack", "TicketsBack\TicketsBack.csproj", "{F23D99C9-1263-4816-8BF6-ECB01DA0B0E6}"
EndProject
Global
	GlobalSection(SolutionConfigurationPlatforms) = preSolution
		Debug|Any CPU = Debug|Any CPU
		Release|Any CPU = Release|Any CPU
	EndGlobalSection
	GlobalSection(ProjectConfigurationPlatforms) = postSolution
		{F23D99C9-1263-4816-8BF6-ECB01DA0B0E6}.Debug|Any CPU.ActiveCfg = Debug|Any CPU
		{F23D99C9-1263-4816-8BF6-ECB01DA0B0E6}.Debug|Any CPU.Build.0 = Debug|Any CPU
		{F23D99C9-1263-4816-8BF6-ECB01DA0B0E6}.Release|Any CPU.ActiveCfg = Release|Any CPU
		{F23D99C9-1263-4816-8BF6-ECB01DA0B0E6}.Release|Any CPU.Build.0 = Release|Any CPU
	EndGlobalSection
	GlobalSection(SolutionProperties) = preSolution
		HideSolutionNode = FALSE
	EndGlobalSection
	GlobalSection(ExtensibilityGlobals) = postSolution
		SolutionGuid = {A6F0CD06-27CF-4A0E-AC29-31318839BB5D}
	EndGlobalSection
EndGlobal
